
Microsoft Visual Studio Solution File, Format Version 12.00
# Visual Studio 2013
VisualStudioVersion = 12.0.31101.0
MinimumVisualStudioVersion = 10.0.40219.1
Project("{2150E333-8FDC-42A3-9474-1A3956D46DE8}") = "Microservices", "Microservices", "{F0A6508D-0DE8-4EE0-8395-C5551C0FB0ED}"
EndProject
Project("{FAE04EC0-301F-11D3-BF4B-00C04F79EFBC}") = "MunkeyIssues.Core", "MunkeyIssues.Core\MunkeyIssues.Core.csproj", "{4121608F-F8CA-47B4-9E22-67F018531474}"
EndProject
Project("{FAE04EC0-301F-11D3-BF4B-00C04F79EFBC}") = "MunkeyIssues.IssueService", "MunkeyIssues.IssueService\MunkeyIssues.IssueService.csproj", "{7A7B55D5-2EF5-4B74-842B-691BFC235AF1}"
EndProject
Project("{FAE04EC0-301F-11D3-BF4B-00C04F79EFBC}") = "MunkeyIssues.Web", "MunkeyIssues.Web\MunkeyIssues.Web.csproj", "{53104B38-7808-4D51-9EE3-40B2272391C4}"
EndProject
Project("{FAE04EC0-301F-11D3-BF4B-00C04F79EFBC}") = "MunkeyIssues.UserService", "MunkeyIssues.UserService\MunkeyIssues.UserService.csproj", "{F71F1D87-F3E9-4546-9FFC-89902FFF1B39}"
EndProject
Project("{2150E333-8FDC-42A3-9474-1A3956D46DE8}") = "Tests", "Tests", "{65AF4FDD-42AB-4647-9994-C4A7A1FC7D99}"
EndProject
Project("{FAE04EC0-301F-11D3-BF4B-00C04F79EFBC}") = "MunkeyIssues.Core.UnitTests", "MunkeyIssues.Core.UnitTests\MunkeyIssues.Core.UnitTests.csproj", "{4562AD41-4045-4280-BE33-E0C60FCEA0AA}"
EndProject
Project("{FAE04EC0-301F-11D3-BF4B-00C04F79EFBC}") = "MunkeyIssues.Migrations", "MunkeyIssues.Migrations\MunkeyIssues.Migrations.csproj", "{B57E449C-81DF-42E5-BDC1-5AF729F31F86}"
EndProject
Project("{FAE04EC0-301F-11D3-BF4B-00C04F79EFBC}") = "MunkeyIssues.UserService.UnitTests", "MunkeyIssues.UserService.UnitTests\MunkeyIssues.UserService.UnitTests.csproj", "{ECE2524C-15AD-4F46-83D2-A1C2C6A5E572}"
EndProject
Global
	GlobalSection(SolutionConfigurationPlatforms) = preSolution
		Debug|Any CPU = Debug|Any CPU
		Release|Any CPU = Release|Any CPU
	EndGlobalSection
	GlobalSection(ProjectConfigurationPlatforms) = postSolution
		{4121608F-F8CA-47B4-9E22-67F018531474}.Debug|Any CPU.ActiveCfg = Debug|Any CPU
		{4121608F-F8CA-47B4-9E22-67F018531474}.Debug|Any CPU.Build.0 = Debug|Any CPU
		{4121608F-F8CA-47B4-9E22-67F018531474}.Release|Any CPU.ActiveCfg = Release|Any CPU
		{4121608F-F8CA-47B4-9E22-67F018531474}.Release|Any CPU.Build.0 = Release|Any CPU
		{7A7B55D5-2EF5-4B74-842B-691BFC235AF1}.Debug|Any CPU.ActiveCfg = Debug|Any CPU
		{7A7B55D5-2EF5-4B74-842B-691BFC235AF1}.Debug|Any CPU.Build.0 = Debug|Any CPU
		{7A7B55D5-2EF5-4B74-842B-691BFC235AF1}.Release|Any CPU.ActiveCfg = Release|Any CPU
		{7A7B55D5-2EF5-4B74-842B-691BFC235AF1}.Release|Any CPU.Build.0 = Release|Any CPU
		{53104B38-7808-4D51-9EE3-40B2272391C4}.Debug|Any CPU.ActiveCfg = Debug|Any CPU
		{53104B38-7808-4D51-9EE3-40B2272391C4}.Debug|Any CPU.Build.0 = Debug|Any CPU
		{53104B38-7808-4D51-9EE3-40B2272391C4}.Release|Any CPU.ActiveCfg = Release|Any CPU
		{53104B38-7808-4D51-9EE3-40B2272391C4}.Release|Any CPU.Build.0 = Release|Any CPU
		{F71F1D87-F3E9-4546-9FFC-89902FFF1B39}.Debug|Any CPU.ActiveCfg = Debug|Any CPU
		{F71F1D87-F3E9-4546-9FFC-89902FFF1B39}.Debug|Any CPU.Build.0 = Debug|Any CPU
		{F71F1D87-F3E9-4546-9FFC-89902FFF1B39}.Release|Any CPU.ActiveCfg = Release|Any CPU
		{F71F1D87-F3E9-4546-9FFC-89902FFF1B39}.Release|Any CPU.Build.0 = Release|Any CPU
		{4562AD41-4045-4280-BE33-E0C60FCEA0AA}.Debug|Any CPU.ActiveCfg = Debug|Any CPU
		{4562AD41-4045-4280-BE33-E0C60FCEA0AA}.Debug|Any CPU.Build.0 = Debug|Any CPU
		{4562AD41-4045-4280-BE33-E0C60FCEA0AA}.Release|Any CPU.ActiveCfg = Release|Any CPU
		{4562AD41-4045-4280-BE33-E0C60FCEA0AA}.Release|Any CPU.Build.0 = Release|Any CPU
		{B57E449C-81DF-42E5-BDC1-5AF729F31F86}.Debug|Any CPU.ActiveCfg = Debug|Any CPU
		{B57E449C-81DF-42E5-BDC1-5AF729F31F86}.Debug|Any CPU.Build.0 = Debug|Any CPU
		{B57E449C-81DF-42E5-BDC1-5AF729F31F86}.Release|Any CPU.ActiveCfg = Release|Any CPU
		{B57E449C-81DF-42E5-BDC1-5AF729F31F86}.Release|Any CPU.Build.0 = Release|Any CPU
		{ECE2524C-15AD-4F46-83D2-A1C2C6A5E572}.Debug|Any CPU.ActiveCfg = Debug|Any CPU
		{ECE2524C-15AD-4F46-83D2-A1C2C6A5E572}.Debug|Any CPU.Build.0 = Debug|Any CPU
		{ECE2524C-15AD-4F46-83D2-A1C2C6A5E572}.Release|Any CPU.ActiveCfg = Release|Any CPU
		{ECE2524C-15AD-4F46-83D2-A1C2C6A5E572}.Release|Any CPU.Build.0 = Release|Any CPU
	EndGlobalSection
	GlobalSection(SolutionProperties) = preSolution
		HideSolutionNode = FALSE
	EndGlobalSection
	GlobalSection(NestedProjects) = preSolution
		{7A7B55D5-2EF5-4B74-842B-691BFC235AF1} = {F0A6508D-0DE8-4EE0-8395-C5551C0FB0ED}
		{F71F1D87-F3E9-4546-9FFC-89902FFF1B39} = {F0A6508D-0DE8-4EE0-8395-C5551C0FB0ED}
		{4562AD41-4045-4280-BE33-E0C60FCEA0AA} = {65AF4FDD-42AB-4647-9994-C4A7A1FC7D99}
		{ECE2524C-15AD-4F46-83D2-A1C2C6A5E572} = {65AF4FDD-42AB-4647-9994-C4A7A1FC7D99}
	EndGlobalSection
EndGlobal
